// !$*UTF8*$!
{
	archiveVersion = 1;
	classes = {
	};
	objectVersion = 56;
	objects = {

/* Begin PBXBuildFile section */
		4250AEA72926B17600DABC0B /* IncrementApp.swift in Sources */ = {isa = PBXBuildFile; fileRef = 4250AEA62926B17600DABC0B /* IncrementApp.swift */; };
		4250AEA92926B17600DABC0B /* LandingView.swift in Sources */ = {isa = PBXBuildFile; fileRef = 4250AEA82926B17600DABC0B /* LandingView.swift */; };
		4250AEAE2926B17700DABC0B /* Preview Assets.xcassets in Resources */ = {isa = PBXBuildFile; fileRef = 4250AEAD2926B17700DABC0B /* Preview Assets.xcassets */; };
		4250AEB52926B74400DABC0B /* PrimaryButtonStyle.swift in Sources */ = {isa = PBXBuildFile; fileRef = 4250AEB42926B74400DABC0B /* PrimaryButtonStyle.swift */; };
		4250AEB72926B84100DABC0B /* Color+Extension.swift in Sources */ = {isa = PBXBuildFile; fileRef = 4250AEB62926B84100DABC0B /* Color+Extension.swift */; };
		4250AEB92926BE5600DABC0B /* Assets.xcassets in Resources */ = {isa = PBXBuildFile; fileRef = 4250AEB82926BE5600DABC0B /* Assets.xcassets */; };
		4250AEBB2926C24100DABC0B /* CreateView.swift in Sources */ = {isa = PBXBuildFile; fileRef = 4250AEBA2926C24100DABC0B /* CreateView.swift */; };
		4250AEBD2926C2A700DABC0B /* DropdownView.swift in Sources */ = {isa = PBXBuildFile; fileRef = 4250AEBC2926C2A700DABC0B /* DropdownView.swift */; };
		4250AEBF2926D5BE00DABC0B /* RemindView.swift in Sources */ = {isa = PBXBuildFile; fileRef = 4250AEBE2926D5BE00DABC0B /* RemindView.swift */; };
		4250AEC22926D7AD00DABC0B /* CreateChallengeViewModel.swift in Sources */ = {isa = PBXBuildFile; fileRef = 4250AEC12926D7AD00DABC0B /* CreateChallengeViewModel.swift */; };
		4250AEC62926D87500DABC0B /* DropdownProtocol.swift in Sources */ = {isa = PBXBuildFile; fileRef = 4250AEC52926D87500DABC0B /* DropdownProtocol.swift */; };
/* End PBXBuildFile section */

/* Begin PBXFileReference section */
		4250AEA32926B17600DABC0B /* Increment.app */ = {isa = PBXFileReference; explicitFileType = wrapper.application; includeInIndex = 0; path = Increment.app; sourceTree = BUILT_PRODUCTS_DIR; };
		4250AEA62926B17600DABC0B /* IncrementApp.swift */ = {isa = PBXFileReference; lastKnownFileType = sourcecode.swift; path = IncrementApp.swift; sourceTree = "<group>"; };
		4250AEA82926B17600DABC0B /* LandingView.swift */ = {isa = PBXFileReference; lastKnownFileType = sourcecode.swift; path = LandingView.swift; sourceTree = "<group>"; };
		4250AEAD2926B17700DABC0B /* Preview Assets.xcassets */ = {isa = PBXFileReference; lastKnownFileType = folder.assetcatalog; path = "Preview Assets.xcassets"; sourceTree = "<group>"; };
		4250AEB42926B74400DABC0B /* PrimaryButtonStyle.swift */ = {isa = PBXFileReference; lastKnownFileType = sourcecode.swift; path = PrimaryButtonStyle.swift; sourceTree = "<group>"; };
		4250AEB62926B84100DABC0B /* Color+Extension.swift */ = {isa = PBXFileReference; lastKnownFileType = sourcecode.swift; path = "Color+Extension.swift"; sourceTree = "<group>"; };
		4250AEB82926BE5600DABC0B /* Assets.xcassets */ = {isa = PBXFileReference; lastKnownFileType = folder.assetcatalog; path = Assets.xcassets; sourceTree = "<group>"; };
		4250AEBA2926C24100DABC0B /* CreateView.swift */ = {isa = PBXFileReference; lastKnownFileType = sourcecode.swift; path = CreateView.swift; sourceTree = "<group>"; };
		4250AEBC2926C2A700DABC0B /* DropdownView.swift */ = {isa = PBXFileReference; lastKnownFileType = sourcecode.swift; path = DropdownView.swift; sourceTree = "<group>"; };
		4250AEBE2926D5BE00DABC0B /* RemindView.swift */ = {isa = PBXFileReference; lastKnownFileType = sourcecode.swift; path = RemindView.swift; sourceTree = "<group>"; };
		4250AEC12926D7AD00DABC0B /* CreateChallengeViewModel.swift */ = {isa = PBXFileReference; lastKnownFileType = sourcecode.swift; path = CreateChallengeViewModel.swift; sourceTree = "<group>"; };
		4250AEC52926D87500DABC0B /* DropdownProtocol.swift */ = {isa = PBXFileReference; lastKnownFileType = sourcecode.swift; path = DropdownProtocol.swift; sourceTree = "<group>"; };
/* End PBXFileReference section */

/* Begin PBXFrameworksBuildPhase section */
		4250AEA02926B17600DABC0B /* Frameworks */ = {
			isa = PBXFrameworksBuildPhase;
			buildActionMask = 2147483647;
			files = (
			);
			runOnlyForDeploymentPostprocessing = 0;
		};
/* End PBXFrameworksBuildPhase section */

/* Begin PBXGroup section */
		4250AE9A2926B17600DABC0B = {
			isa = PBXGroup;
			children = (
				4250AEA52926B17600DABC0B /* Increment */,
				4250AEA42926B17600DABC0B /* Products */,
			);
			sourceTree = "<group>";
		};
		4250AEA42926B17600DABC0B /* Products */ = {
			isa = PBXGroup;
			children = (
				4250AEA32926B17600DABC0B /* Increment.app */,
			);
			name = Products;
			sourceTree = "<group>";
		};
		4250AEA52926B17600DABC0B /* Increment */ = {
			isa = PBXGroup;
			children = (
				4250AEC02926D78F00DABC0B /* ViewModels */,
				4250AEA62926B17600DABC0B /* IncrementApp.swift */,
				4250AEA82926B17600DABC0B /* LandingView.swift */,
				4250AEAC2926B17700DABC0B /* Preview Content */,
				4250AEB42926B74400DABC0B /* PrimaryButtonStyle.swift */,
				4250AEB62926B84100DABC0B /* Color+Extension.swift */,
				4250AEB82926BE5600DABC0B /* Assets.xcassets */,
				4250AEBA2926C24100DABC0B /* CreateView.swift */,
				4250AEBC2926C2A700DABC0B /* DropdownView.swift */,
				4250AEBE2926D5BE00DABC0B /* RemindView.swift */,
			);
			path = Increment;
			sourceTree = "<group>";
		};
		4250AEAC2926B17700DABC0B /* Preview Content */ = {
			isa = PBXGroup;
			children = (
				4250AEAD2926B17700DABC0B /* Preview Assets.xcassets */,
			);
			path = "Preview Content";
			sourceTree = "<group>";
		};
		4250AEC02926D78F00DABC0B /* ViewModels */ = {
			isa = PBXGroup;
			children = (
				4250AEC12926D7AD00DABC0B /* CreateChallengeViewModel.swift */,
				4250AEC52926D87500DABC0B /* DropdownProtocol.swift */,
			);
			path = ViewModels;
			sourceTree = "<group>";
		};
/* End PBXGroup section */

/* Begin PBXNativeTarget section */
		4250AEA22926B17600DABC0B /* Increment */ = {
			isa = PBXNativeTarget;
			buildConfigurationList = 4250AEB12926B17700DABC0B /* Build configuration list for PBXNativeTarget "Increment" */;
			buildPhases = (
				4250AE9F2926B17600DABC0B /* Sources */,
				4250AEA02926B17600DABC0B /* Frameworks */,
				4250AEA12926B17600DABC0B /* Resources */,
			);
			buildRules = (
			);
			dependencies = (
			);
			name = Increment;
			productName = Increment;
			productReference = 4250AEA32926B17600DABC0B /* Increment.app */;
			productType = "com.apple.product-type.application";
		};
/* End PBXNativeTarget section */

/* Begin PBXProject section */
		4250AE9B2926B17600DABC0B /* Project object */ = {
			isa = PBXProject;
			attributes = {
				BuildIndependentTargetsInParallel = 1;
				LastSwiftUpdateCheck = 1410;
				LastUpgradeCheck = 1410;
				TargetAttributes = {
					4250AEA22926B17600DABC0B = {
						CreatedOnToolsVersion = 14.1;
					};
				};
			};
			buildConfigurationList = 4250AE9E2926B17600DABC0B /* Build configuration list for PBXProject "Increment" */;
			compatibilityVersion = "Xcode 14.0";
			developmentRegion = en;
			hasScannedForEncodings = 0;
			knownRegions = (
				en,
				Base,
			);
			mainGroup = 4250AE9A2926B17600DABC0B;
			productRefGroup = 4250AEA42926B17600DABC0B /* Products */;
			projectDirPath = "";
			projectRoot = "";
			targets = (
				4250AEA22926B17600DABC0B /* Increment */,
			);
		};
/* End PBXProject section */

/* Begin PBXResourcesBuildPhase section */
		4250AEA12926B17600DABC0B /* Resources */ = {
			isa = PBXResourcesBuildPhase;
			buildActionMask = 2147483647;
			files = (
				4250AEAE2926B17700DABC0B /* Preview Assets.xcassets in Resources */,
				4250AEB92926BE5600DABC0B /* Assets.xcassets in Resources */,
			);
			runOnlyForDeploymentPostprocessing = 0;
		};
/* End PBXResourcesBuildPhase section */

/* Begin PBXSourcesBuildPhase section */
		4250AE9F2926B17600DABC0B /* Sources */ = {
			isa = PBXSourcesBuildPhase;
			buildActionMask = 2147483647;
			files = (
				4250AEB52926B74400DABC0B /* PrimaryButtonStyle.swift in Sources */,
				4250AEA92926B17600DABC0B /* LandingView.swift in Sources */,
				4250AEA72926B17600DABC0B /* IncrementApp.swift in Sources */,
				4250AEC62926D87500DABC0B /* DropdownProtocol.swift in Sources */,
				4250AEB72926B84100DABC0B /* Color+Extension.swift in Sources */,
				4250AEC22926D7AD00DABC0B /* CreateChallengeViewModel.swift in Sources */,
				4250AEBF2926D5BE00DABC0B /* RemindView.swift in Sources */,
				4250AEBB2926C24100DABC0B /* CreateView.swift in Sources */,
				4250AEBD2926C2A700DABC0B /* DropdownView.swift in Sources */,
			);
			runOnlyForDeploymentPostprocessing = 0;
		};
/* End PBXSourcesBuildPhase section */

/* Begin XCBuildConfiguration section */
		4250AEAF2926B17700DABC0B /* Debug */ = {
			isa = XCBuildConfiguration;
			buildSettings = {
				ALWAYS_SEARCH_USER_PATHS = NO;
				CLANG_ANALYZER_NONNULL = YES;
				CLANG_ANALYZER_NUMBER_OBJECT_CONVERSION = YES_AGGRESSIVE;
				CLANG_CXX_LANGUAGE_STANDARD = "gnu++20";
				CLANG_ENABLE_MODULES = YES;
				CLANG_ENABLE_OBJC_ARC = YES;
				CLANG_ENABLE_OBJC_WEAK = YES;
				CLANG_WARN_BLOCK_CAPTURE_AUTORELEASING = YES;
				CLANG_WARN_BOOL_CONVERSION = YES;
				CLANG_WARN_COMMA = YES;
				CLANG_WARN_CONSTANT_CONVERSION = YES;
				CLANG_WARN_DEPRECATED_OBJC_IMPLEMENTATIONS = YES;
				CLANG_WARN_DIRECT_OBJC_ISA_USAGE = YES_ERROR;
				CLANG_WARN_DOCUMENTATION_COMMENTS = YES;
				CLANG_WARN_EMPTY_BODY = YES;
				CLANG_WARN_ENUM_CONVERSION = YES;
				CLANG_WARN_INFINITE_RECURSION = YES;
				CLANG_WARN_INT_CONVERSION = YES;
				CLANG_WARN_NON_LITERAL_NULL_CONVERSION = YES;
				CLANG_WARN_OBJC_IMPLICIT_RETAIN_SELF = YES;
				CLANG_WARN_OBJC_LITERAL_CONVERSION = YES;
				CLANG_WARN_OBJC_ROOT_CLASS = YES_ERROR;
				CLANG_WARN_QUOTED_INCLUDE_IN_FRAMEWORK_HEADER = YES;
				CLANG_WARN_RANGE_LOOP_ANALYSIS = YES;
				CLANG_WARN_STRICT_PROTOTYPES = YES;
				CLANG_WARN_SUSPICIOUS_MOVE = YES;
				CLANG_WARN_UNGUARDED_AVAILABILITY = YES_AGGRESSIVE;
				CLANG_WARN_UNREACHABLE_CODE = YES;
				CLANG_WARN__DUPLICATE_METHOD_MATCH = YES;
				COPY_PHASE_STRIP = NO;
				DEBUG_INFORMATION_FORMAT = dwarf;
				ENABLE_STRICT_OBJC_MSGSEND = YES;
				ENABLE_TESTABILITY = YES;
				GCC_C_LANGUAGE_STANDARD = gnu11;
				GCC_DYNAMIC_NO_PIC = NO;
				GCC_NO_COMMON_BLOCKS = YES;
				GCC_OPTIMIZATION_LEVEL = 0;
				GCC_PREPROCESSOR_DEFINITIONS = (
					"DEBUG=1",
					"$(inherited)",
				);
				GCC_WARN_64_TO_32_BIT_CONVERSION = YES;
				GCC_WARN_ABOUT_RETURN_TYPE = YES_ERROR;
				GCC_WARN_UNDECLARED_SELECTOR = YES;
				GCC_WARN_UNINITIALIZED_AUTOS = YES_AGGRESSIVE;
				GCC_WARN_UNUSED_FUNCTION = YES;
				GCC_WARN_UNUSED_VARIABLE = YES;
				IPHONEOS_DEPLOYMENT_TARGET = 16.1;
				MTL_ENABLE_DEBUG_INFO = INCLUDE_SOURCE;
				MTL_FAST_MATH = YES;
				ONLY_ACTIVE_ARCH = YES;
				SDKROOT = iphoneos;
				SWIFT_ACTIVE_COMPILATION_CONDITIONS = DEBUG;
				SWIFT_OPTIMIZATION_LEVEL = "-Onone";
			};
			name = Debug;
		};
		4250AEB02926B17700DABC0B /* Release */ = {
			isa = XCBuildConfiguration;
			buildSettings = {
				ALWAYS_SEARCH_USER_PATHS = NO;
				CLANG_ANALYZER_NONNULL = YES;
				CLANG_ANALYZER_NUMBER_OBJECT_CONVERSION = YES_AGGRESSIVE;
				CLANG_CXX_LANGUAGE_STANDARD = "gnu++20";
				CLANG_ENABLE_MODULES = YES;
				CLANG_ENABLE_OBJC_ARC = YES;
				CLANG_ENABLE_OBJC_WEAK = YES;
				CLANG_WARN_BLOCK_CAPTURE_AUTORELEASING = YES;
				CLANG_WARN_BOOL_CONVERSION = YES;
				CLANG_WARN_COMMA = YES;
				CLANG_WARN_CONSTANT_CONVERSION = YES;
				CLANG_WARN_DEPRECATED_OBJC_IMPLEMENTATIONS = YES;
				CLANG_WARN_DIRECT_OBJC_ISA_USAGE = YES_ERROR;
				CLANG_WARN_DOCUMENTATION_COMMENTS = YES;
				CLANG_WARN_EMPTY_BODY = YES;
				CLANG_WARN_ENUM_CONVERSION = YES;
				CLANG_WARN_INFINITE_RECURSION = YES;
				CLANG_WARN_INT_CONVERSION = YES;
				CLANG_WARN_NON_LITERAL_NULL_CONVERSION = YES;
				CLANG_WARN_OBJC_IMPLICIT_RETAIN_SELF = YES;
				CLANG_WARN_OBJC_LITERAL_CONVERSION = YES;
				CLANG_WARN_OBJC_ROOT_CLASS = YES_ERROR;
				CLANG_WARN_QUOTED_INCLUDE_IN_FRAMEWORK_HEADER = YES;
				CLANG_WARN_RANGE_LOOP_ANALYSIS = YES;
				CLANG_WARN_STRICT_PROTOTYPES = YES;
				CLANG_WARN_SUSPICIOUS_MOVE = YES;
				CLANG_WARN_UNGUARDED_AVAILABILITY = YES_AGGRESSIVE;
				CLANG_WARN_UNREACHABLE_CODE = YES;
				CLANG_WARN__DUPLICATE_METHOD_MATCH = YES;
				COPY_PHASE_STRIP = NO;
				DEBUG_INFORMATION_FORMAT = "dwarf-with-dsym";
				ENABLE_NS_ASSERTIONS = NO;
				ENABLE_STRICT_OBJC_MSGSEND = YES;
				GCC_C_LANGUAGE_STANDARD = gnu11;
				GCC_NO_COMMON_BLOCKS = YES;
				GCC_WARN_64_TO_32_BIT_CONVERSION = YES;
				GCC_WARN_ABOUT_RETURN_TYPE = YES_ERROR;
				GCC_WARN_UNDECLARED_SELECTOR = YES;
				GCC_WARN_UNINITIALIZED_AUTOS = YES_AGGRESSIVE;
				GCC_WARN_UNUSED_FUNCTION = YES;
				GCC_WARN_UNUSED_VARIABLE = YES;
				IPHONEOS_DEPLOYMENT_TARGET = 16.1;
				MTL_ENABLE_DEBUG_INFO = NO;
				MTL_FAST_MATH = YES;
				SDKROOT = iphoneos;
				SWIFT_COMPILATION_MODE = wholemodule;
				SWIFT_OPTIMIZATION_LEVEL = "-O";
				VALIDATE_PRODUCT = YES;
			};
			name = Release;
		};
		4250AEB22926B17700DABC0B /* Debug */ = {
			isa = XCBuildConfiguration;
			buildSettings = {
				ASSETCATALOG_COMPILER_APPICON_NAME = AppIcon;
				ASSETCATALOG_COMPILER_GLOBAL_ACCENT_COLOR_NAME = AccentColor;
				CODE_SIGN_STYLE = Automatic;
				CURRENT_PROJECT_VERSION = 1;
				DEVELOPMENT_ASSET_PATHS = "\"Increment/Preview Content\"";
				DEVELOPMENT_TEAM = H77979Y8DF;
				ENABLE_PREVIEWS = YES;
				GENERATE_INFOPLIST_FILE = YES;
				INFOPLIST_KEY_UIApplicationSceneManifest_Generation = YES;
				INFOPLIST_KEY_UIApplicationSupportsIndirectInputEvents = YES;
				INFOPLIST_KEY_UILaunchScreen_Generation = YES;
				INFOPLIST_KEY_UISupportedInterfaceOrientations_iPad = "UIInterfaceOrientationPortrait UIInterfaceOrientationPortraitUpsideDown UIInterfaceOrientationLandscapeLeft UIInterfaceOrientationLandscapeRight";
				INFOPLIST_KEY_UISupportedInterfaceOrientations_iPhone = "UIInterfaceOrientationPortrait UIInterfaceOrientationLandscapeLeft UIInterfaceOrientationLandscapeRight";
				LD_RUNPATH_SEARCH_PATHS = (
					"$(inherited)",
					"@executable_path/Frameworks",
				);
				MARKETING_VERSION = 1.0;
				PRODUCT_BUNDLE_IDENTIFIER = one.igahupalo.Increment;
				PRODUCT_NAME = "$(TARGET_NAME)";
				SWIFT_EMIT_LOC_STRINGS = YES;
				SWIFT_VERSION = 5.0;
				TARGETED_DEVICE_FAMILY = "1,2";
			};
			name = Debug;
		};
		4250AEB32926B17700DABC0B /* Release */ = {
			isa = XCBuildConfiguration;
			buildSettings = {
				ASSETCATALOG_COMPILER_APPICON_NAME = AppIcon;
				ASSETCATALOG_COMPILER_GLOBAL_ACCENT_COLOR_NAME = AccentColor;
				CODE_SIGN_STYLE = Automatic;
				CURRENT_PROJECT_VERSION = 1;
				DEVELOPMENT_ASSET_PATHS = "\"Increment/Preview Content\"";
				DEVELOPMENT_TEAM = H77979Y8DF;
				ENABLE_PREVIEWS = YES;
				GENERATE_INFOPLIST_FILE = YES;
				INFOPLIST_KEY_UIApplicationSceneManifest_Generation = YES;
				INFOPLIST_KEY_UIApplicationSupportsIndirectInputEvents = YES;
				INFOPLIST_KEY_UILaunchScreen_Generation = YES;
				INFOPLIST_KEY_UISupportedInterfaceOrientations_iPad = "UIInterfaceOrientationPortrait UIInterfaceOrientationPortraitUpsideDown UIInterfaceOrientationLandscapeLeft UIInterfaceOrientationLandscapeRight";
				INFOPLIST_KEY_UISupportedInterfaceOrientations_iPhone = "UIInterfaceOrientationPortrait UIInterfaceOrientationLandscapeLeft UIInterfaceOrientationLandscapeRight";
				LD_RUNPATH_SEARCH_PATHS = (
					"$(inherited)",
					"@executable_path/Frameworks",
				);
				MARKETING_VERSION = 1.0;
				PRODUCT_BUNDLE_IDENTIFIER = one.igahupalo.Increment;
				PRODUCT_NAME = "$(TARGET_NAME)";
				SWIFT_EMIT_LOC_STRINGS = YES;
				SWIFT_VERSION = 5.0;
				TARGETED_DEVICE_FAMILY = "1,2";
			};
			name = Release;
		};
/* End XCBuildConfiguration section */

/* Begin XCConfigurationList section */
		4250AE9E2926B17600DABC0B /* Build configuration list for PBXProject "Increment" */ = {
			isa = XCConfigurationList;
			buildConfigurations = (
				4250AEAF2926B17700DABC0B /* Debug */,
				4250AEB02926B17700DABC0B /* Release */,
			);
			defaultConfigurationIsVisible = 0;
			defaultConfigurationName = Release;
		};
		4250AEB12926B17700DABC0B /* Build configuration list for PBXNativeTarget "Increment" */ = {
			isa = XCConfigurationList;
			buildConfigurations = (
				4250AEB22926B17700DABC0B /* Debug */,
				4250AEB32926B17700DABC0B /* Release */,
			);
			defaultConfigurationIsVisible = 0;
			defaultConfigurationName = Release;
		};
/* End XCConfigurationList section */
	};
	rootObject = 4250AE9B2926B17600DABC0B /* Project object */;
}
